// !$*UTF8*$!
{
	archiveVersion = 1;
	classes = {
	};
	objectVersion = 45;
	objects = {

/* Begin PBXBuildFile section */
		8DD76F6A0486A84900D96B5E /* pdm10.1 in CopyFiles */ = {isa = PBXBuildFile; fileRef = C6859E8B029090EE04C91782 /* pdm10.1 */; };
		90275B42112880D900FFAEC7 /* DspOsc.cpp in Sources */ = {isa = PBXBuildFile; fileRef = 90275B40112880D900FFAEC7 /* DspOsc.cpp */; };
		90398CA31113564400E5A8B6 /* DspAdc.cpp in Sources */ = {isa = PBXBuildFile; fileRef = 90398C6A1113564400E5A8B6 /* DspAdc.cpp */; };
		90398CA41113564400E5A8B6 /* DspAdd.cpp in Sources */ = {isa = PBXBuildFile; fileRef = 90398C6C1113564400E5A8B6 /* DspAdd.cpp */; };
		90398CA51113564400E5A8B6 /* DspDac.cpp in Sources */ = {isa = PBXBuildFile; fileRef = 90398C6E1113564400E5A8B6 /* DspDac.cpp */; };
		90398CA61113564400E5A8B6 /* DspObject.cpp in Sources */ = {isa = PBXBuildFile; fileRef = 90398C701113564400E5A8B6 /* DspObject.cpp */; };
		90398CA71113564400E5A8B6 /* LinkedList.cpp in Sources */ = {isa = PBXBuildFile; fileRef = 90398C721113564400E5A8B6 /* LinkedList.cpp */; };
		90398CA81113564400E5A8B6 /* List.cpp in Sources */ = {isa = PBXBuildFile; fileRef = 90398C741113564400E5A8B6 /* List.cpp */; };
		90398CA91113564400E5A8B6 /* main.cpp in Sources */ = {isa = PBXBuildFile; fileRef = 90398C761113564400E5A8B6 /* main.cpp */; };
		90398CAA1113564400E5A8B6 /* MessageAdd.cpp in Sources */ = {isa = PBXBuildFile; fileRef = 90398C771113564400E5A8B6 /* MessageAdd.cpp */; };
		90398CAB1113564400E5A8B6 /* MessageDelay.cpp in Sources */ = {isa = PBXBuildFile; fileRef = 90398C791113564400E5A8B6 /* MessageDelay.cpp */; };
		90398CAC1113564400E5A8B6 /* MessageElement.cpp in Sources */ = {isa = PBXBuildFile; fileRef = 90398C7C1113564400E5A8B6 /* MessageElement.cpp */; };
		90398CAD1113564400E5A8B6 /* MessageFloat.cpp in Sources */ = {isa = PBXBuildFile; fileRef = 90398C7F1113564400E5A8B6 /* MessageFloat.cpp */; };
		90398CAE1113564400E5A8B6 /* MessageInlet.cpp in Sources */ = {isa = PBXBuildFile; fileRef = 90398C811113564400E5A8B6 /* MessageInlet.cpp */; };
		90398CAF1113564400E5A8B6 /* MessageLoadbang.cpp in Sources */ = {isa = PBXBuildFile; fileRef = 90398C841113564400E5A8B6 /* MessageLoadbang.cpp */; };
		90398CB01113564400E5A8B6 /* MessageNamedObject.cpp in Sources */ = {isa = PBXBuildFile; fileRef = 90398C861113564400E5A8B6 /* MessageNamedObject.cpp */; };
		90398CB11113564400E5A8B6 /* MessageObject.cpp in Sources */ = {isa = PBXBuildFile; fileRef = 90398C881113564400E5A8B6 /* MessageObject.cpp */; };
		90398CB21113564400E5A8B6 /* MessageOutlet.cpp in Sources */ = {isa = PBXBuildFile; fileRef = 90398C8A1113564400E5A8B6 /* MessageOutlet.cpp */; };
		90398CB31113564400E5A8B6 /* MessagePassthrough.cpp in Sources */ = {isa = PBXBuildFile; fileRef = 90398C8C1113564400E5A8B6 /* MessagePassthrough.cpp */; };
		90398CB41113564400E5A8B6 /* MessagePipe.cpp in Sources */ = {isa = PBXBuildFile; fileRef = 90398C8E1113564400E5A8B6 /* MessagePipe.cpp */; };
		90398CB51113564400E5A8B6 /* MessagePrint.cpp in Sources */ = {isa = PBXBuildFile; fileRef = 90398C901113564400E5A8B6 /* MessagePrint.cpp */; };
		90398CB61113564400E5A8B6 /* MessageQueue.cpp in Sources */ = {isa = PBXBuildFile; fileRef = 90398C921113564400E5A8B6 /* MessageQueue.cpp */; };
		90398CB71113564400E5A8B6 /* MessageReceive.cpp in Sources */ = {isa = PBXBuildFile; fileRef = 90398C941113564400E5A8B6 /* MessageReceive.cpp */; };
		90398CB81113564400E5A8B6 /* MessageSend.cpp in Sources */ = {isa = PBXBuildFile; fileRef = 90398C961113564400E5A8B6 /* MessageSend.cpp */; };
		90398CB91113564400E5A8B6 /* OrderedMessageQueue.cpp in Sources */ = {isa = PBXBuildFile; fileRef = 90398C991113564400E5A8B6 /* OrderedMessageQueue.cpp */; };
		90398CBA1113564400E5A8B6 /* PdGraph.cpp in Sources */ = {isa = PBXBuildFile; fileRef = 90398C9B1113564400E5A8B6 /* PdGraph.cpp */; };
		90398CBB1113564400E5A8B6 /* PdMessage.cpp in Sources */ = {isa = PBXBuildFile; fileRef = 90398C9D1113564400E5A8B6 /* PdMessage.cpp */; };
		90398CBC1113564400E5A8B6 /* StaticUtils.cpp in Sources */ = {isa = PBXBuildFile; fileRef = 90398CA11113564400E5A8B6 /* StaticUtils.cpp */; };
		908A373E1125DF6D00558388 /* MessageEqualsEquals.cpp in Sources */ = {isa = PBXBuildFile; fileRef = 908A37321125DF6D00558388 /* MessageEqualsEquals.cpp */; };
		908A373F1125DF6D00558388 /* MessageGreaterThan.cpp in Sources */ = {isa = PBXBuildFile; fileRef = 908A37341125DF6D00558388 /* MessageGreaterThan.cpp */; };
		908A37401125DF6D00558388 /* MessageGreaterThanOrEqualTo.cpp in Sources */ = {isa = PBXBuildFile; fileRef = 908A37361125DF6D00558388 /* MessageGreaterThanOrEqualTo.cpp */; };
		908A37411125DF6D00558388 /* MessageLessThan.cpp in Sources */ = {isa = PBXBuildFile; fileRef = 908A37381125DF6D00558388 /* MessageLessThan.cpp */; };
		908A37421125DF6D00558388 /* MessageLessThanOrEqualTo.cpp in Sources */ = {isa = PBXBuildFile; fileRef = 908A373A1125DF6D00558388 /* MessageLessThanOrEqualTo.cpp */; };
		908A37431125DF6D00558388 /* MessageNotEquals.cpp in Sources */ = {isa = PBXBuildFile; fileRef = 908A373C1125DF6D00558388 /* MessageNotEquals.cpp */; };
		908A374D1125DFF800558388 /* MessageMultiply.cpp in Sources */ = {isa = PBXBuildFile; fileRef = 908A37491125DFF800558388 /* MessageMultiply.cpp */; };
		908A374E1125DFF800558388 /* MessageSine.cpp in Sources */ = {isa = PBXBuildFile; fileRef = 908A374B1125DFF800558388 /* MessageSine.cpp */; };
		908A37581125E07100558388 /* MessageDivide.cpp in Sources */ = {isa = PBXBuildFile; fileRef = 908A37541125E07100558388 /* MessageDivide.cpp */; };
		908A37591125E07100558388 /* MessageSubtract.cpp in Sources */ = {isa = PBXBuildFile; fileRef = 908A37561125E07100558388 /* MessageSubtract.cpp */; };
		90AD9673112C043600F45418 /* DspNoise.cpp in Sources */ = {isa = PBXBuildFile; fileRef = 90AD9671112C043600F45418 /* DspNoise.cpp */; };
		90AD96D1112C394700F45418 /* MessageRandom.cpp in Sources */ = {isa = PBXBuildFile; fileRef = 90AD96CF112C394700F45418 /* MessageRandom.cpp */; };
/* End PBXBuildFile section */

/* Begin PBXCopyFilesBuildPhase section */
		8DD76F690486A84900D96B5E /* CopyFiles */ = {
			isa = PBXCopyFilesBuildPhase;
			buildActionMask = 8;
			dstPath = /usr/share/man/man1/;
			dstSubfolderSpec = 0;
			files = (
				8DD76F6A0486A84900D96B5E /* pdm10.1 in CopyFiles */,
			);
			runOnlyForDeploymentPostprocessing = 1;
		};
/* End PBXCopyFilesBuildPhase section */

/* Begin PBXFileReference section */
		8DD76F6C0486A84900D96B5E /* pdm10 */ = {isa = PBXFileReference; explicitFileType = "compiled.mach-o.executable"; includeInIndex = 0; path = pdm10; sourceTree = BUILT_PRODUCTS_DIR; };
		90275B40112880D900FFAEC7 /* DspOsc.cpp */ = {isa = PBXFileReference; fileEncoding = 4; lastKnownFileType = sourcecode.cpp.cpp; name = DspOsc.cpp; path = ../src/DspOsc.cpp; sourceTree = SOURCE_ROOT; };
		90275B41112880D900FFAEC7 /* DspOsc.h */ = {isa = PBXFileReference; fileEncoding = 4; lastKnownFileType = sourcecode.c.h; name = DspOsc.h; path = ../src/DspOsc.h; sourceTree = SOURCE_ROOT; };
		90398C691113564400E5A8B6 /* ConnectionType.h */ = {isa = PBXFileReference; fileEncoding = 4; lastKnownFileType = sourcecode.c.h; name = ConnectionType.h; path = ../src/ConnectionType.h; sourceTree = SOURCE_ROOT; };
		90398C6A1113564400E5A8B6 /* DspAdc.cpp */ = {isa = PBXFileReference; fileEncoding = 4; lastKnownFileType = sourcecode.cpp.cpp; name = DspAdc.cpp; path = ../src/DspAdc.cpp; sourceTree = SOURCE_ROOT; };
		90398C6B1113564400E5A8B6 /* DspAdc.h */ = {isa = PBXFileReference; fileEncoding = 4; lastKnownFileType = sourcecode.c.h; name = DspAdc.h; path = ../src/DspAdc.h; sourceTree = SOURCE_ROOT; };
		90398C6C1113564400E5A8B6 /* DspAdd.cpp */ = {isa = PBXFileReference; fileEncoding = 4; lastKnownFileType = sourcecode.cpp.cpp; name = DspAdd.cpp; path = ../src/DspAdd.cpp; sourceTree = SOURCE_ROOT; };
		90398C6D1113564400E5A8B6 /* DspAdd.h */ = {isa = PBXFileReference; fileEncoding = 4; lastKnownFileType = sourcecode.c.h; name = DspAdd.h; path = ../src/DspAdd.h; sourceTree = SOURCE_ROOT; };
		90398C6E1113564400E5A8B6 /* DspDac.cpp */ = {isa = PBXFileReference; fileEncoding = 4; lastKnownFileType = sourcecode.cpp.cpp; name = DspDac.cpp; path = ../src/DspDac.cpp; sourceTree = SOURCE_ROOT; };
		90398C6F1113564400E5A8B6 /* DspDac.h */ = {isa = PBXFileReference; fileEncoding = 4; lastKnownFileType = sourcecode.c.h; name = DspDac.h; path = ../src/DspDac.h; sourceTree = SOURCE_ROOT; };
		90398C701113564400E5A8B6 /* DspObject.cpp */ = {isa = PBXFileReference; fileEncoding = 4; lastKnownFileType = sourcecode.cpp.cpp; name = DspObject.cpp; path = ../src/DspObject.cpp; sourceTree = SOURCE_ROOT; };
		90398C711113564400E5A8B6 /* DspObject.h */ = {isa = PBXFileReference; fileEncoding = 4; lastKnownFileType = sourcecode.c.h; name = DspObject.h; path = ../src/DspObject.h; sourceTree = SOURCE_ROOT; };
		90398C721113564400E5A8B6 /* LinkedList.cpp */ = {isa = PBXFileReference; fileEncoding = 4; lastKnownFileType = sourcecode.cpp.cpp; name = LinkedList.cpp; path = ../src/LinkedList.cpp; sourceTree = SOURCE_ROOT; };
		90398C731113564400E5A8B6 /* LinkedList.h */ = {isa = PBXFileReference; fileEncoding = 4; lastKnownFileType = sourcecode.c.h; name = LinkedList.h; path = ../src/LinkedList.h; sourceTree = SOURCE_ROOT; };
		90398C741113564400E5A8B6 /* List.cpp */ = {isa = PBXFileReference; fileEncoding = 4; lastKnownFileType = sourcecode.cpp.cpp; name = List.cpp; path = ../src/List.cpp; sourceTree = SOURCE_ROOT; };
		90398C751113564400E5A8B6 /* List.h */ = {isa = PBXFileReference; fileEncoding = 4; lastKnownFileType = sourcecode.c.h; name = List.h; path = ../src/List.h; sourceTree = SOURCE_ROOT; };
		90398C761113564400E5A8B6 /* main.cpp */ = {isa = PBXFileReference; fileEncoding = 4; lastKnownFileType = sourcecode.cpp.cpp; name = main.cpp; path = ../src/main.cpp; sourceTree = SOURCE_ROOT; };
		90398C771113564400E5A8B6 /* MessageAdd.cpp */ = {isa = PBXFileReference; fileEncoding = 4; lastKnownFileType = sourcecode.cpp.cpp; name = MessageAdd.cpp; path = ../src/MessageAdd.cpp; sourceTree = SOURCE_ROOT; };
		90398C781113564400E5A8B6 /* MessageAdd.h */ = {isa = PBXFileReference; fileEncoding = 4; lastKnownFileType = sourcecode.c.h; name = MessageAdd.h; path = ../src/MessageAdd.h; sourceTree = SOURCE_ROOT; };
		90398C791113564400E5A8B6 /* MessageDelay.cpp */ = {isa = PBXFileReference; fileEncoding = 4; lastKnownFileType = sourcecode.cpp.cpp; name = MessageDelay.cpp; path = ../src/MessageDelay.cpp; sourceTree = SOURCE_ROOT; };
		90398C7A1113564400E5A8B6 /* MessageDelay.h */ = {isa = PBXFileReference; fileEncoding = 4; lastKnownFileType = sourcecode.c.h; name = MessageDelay.h; path = ../src/MessageDelay.h; sourceTree = SOURCE_ROOT; };
		90398C7B1113564400E5A8B6 /* MessageDestination.h */ = {isa = PBXFileReference; fileEncoding = 4; lastKnownFileType = sourcecode.c.h; name = MessageDestination.h; path = ../src/MessageDestination.h; sourceTree = SOURCE_ROOT; };
		90398C7C1113564400E5A8B6 /* MessageElement.cpp */ = {isa = PBXFileReference; fileEncoding = 4; lastKnownFileType = sourcecode.cpp.cpp; name = MessageElement.cpp; path = ../src/MessageElement.cpp; sourceTree = SOURCE_ROOT; };
		90398C7D1113564400E5A8B6 /* MessageElement.h */ = {isa = PBXFileReference; fileEncoding = 4; lastKnownFileType = sourcecode.c.h; name = MessageElement.h; path = ../src/MessageElement.h; sourceTree = SOURCE_ROOT; };
		90398C7E1113564400E5A8B6 /* MessageElementType.h */ = {isa = PBXFileReference; fileEncoding = 4; lastKnownFileType = sourcecode.c.h; name = MessageElementType.h; path = ../src/MessageElementType.h; sourceTree = SOURCE_ROOT; };
		90398C7F1113564400E5A8B6 /* MessageFloat.cpp */ = {isa = PBXFileReference; fileEncoding = 4; lastKnownFileType = sourcecode.cpp.cpp; name = MessageFloat.cpp; path = ../src/MessageFloat.cpp; sourceTree = SOURCE_ROOT; };
		90398C801113564400E5A8B6 /* MessageFloat.h */ = {isa = PBXFileReference; fileEncoding = 4; lastKnownFileType = sourcecode.c.h; name = MessageFloat.h; path = ../src/MessageFloat.h; sourceTree = SOURCE_ROOT; };
		90398C811113564400E5A8B6 /* MessageInlet.cpp */ = {isa = PBXFileReference; fileEncoding = 4; lastKnownFileType = sourcecode.cpp.cpp; name = MessageInlet.cpp; path = ../src/MessageInlet.cpp; sourceTree = SOURCE_ROOT; };
		90398C821113564400E5A8B6 /* MessageInlet.h */ = {isa = PBXFileReference; fileEncoding = 4; lastKnownFileType = sourcecode.c.h; name = MessageInlet.h; path = ../src/MessageInlet.h; sourceTree = SOURCE_ROOT; };
		90398C831113564400E5A8B6 /* MessageLetPair.h */ = {isa = PBXFileReference; fileEncoding = 4; lastKnownFileType = sourcecode.c.h; name = MessageLetPair.h; path = ../src/MessageLetPair.h; sourceTree = SOURCE_ROOT; };
		90398C841113564400E5A8B6 /* MessageLoadbang.cpp */ = {isa = PBXFileReference; fileEncoding = 4; lastKnownFileType = sourcecode.cpp.cpp; name = MessageLoadbang.cpp; path = ../src/MessageLoadbang.cpp; sourceTree = SOURCE_ROOT; };
		90398C851113564400E5A8B6 /* MessageLoadbang.h */ = {isa = PBXFileReference; fileEncoding = 4; lastKnownFileType = sourcecode.c.h; name = MessageLoadbang.h; path = ../src/MessageLoadbang.h; sourceTree = SOURCE_ROOT; };
		90398C861113564400E5A8B6 /* MessageNamedObject.cpp */ = {isa = PBXFileReference; fileEncoding = 4; lastKnownFileType = sourcecode.cpp.cpp; name = MessageNamedObject.cpp; path = ../src/MessageNamedObject.cpp; sourceTree = SOURCE_ROOT; };
		90398C871113564400E5A8B6 /* MessageNamedObject.h */ = {isa = PBXFileReference; fileEncoding = 4; lastKnownFileType = sourcecode.c.h; name = MessageNamedObject.h; path = ../src/MessageNamedObject.h; sourceTree = SOURCE_ROOT; };
		90398C881113564400E5A8B6 /* MessageObject.cpp */ = {isa = PBXFileReference; fileEncoding = 4; lastKnownFileType = sourcecode.cpp.cpp; name = MessageObject.cpp; path = ../src/MessageObject.cpp; sourceTree = SOURCE_ROOT; };
		90398C891113564400E5A8B6 /* MessageObject.h */ = {isa = PBXFileReference; fileEncoding = 4; lastKnownFileType = sourcecode.c.h; name = MessageObject.h; path = ../src/MessageObject.h; sourceTree = SOURCE_ROOT; };
		90398C8A1113564400E5A8B6 /* MessageOutlet.cpp */ = {isa = PBXFileReference; fileEncoding = 4; lastKnownFileType = sourcecode.cpp.cpp; name = MessageOutlet.cpp; path = ../src/MessageOutlet.cpp; sourceTree = SOURCE_ROOT; };
		90398C8B1113564400E5A8B6 /* MessageOutlet.h */ = {isa = PBXFileReference; fileEncoding = 4; lastKnownFileType = sourcecode.c.h; name = MessageOutlet.h; path = ../src/MessageOutlet.h; sourceTree = SOURCE_ROOT; };
		90398C8C1113564400E5A8B6 /* MessagePassthrough.cpp */ = {isa = PBXFileReference; fileEncoding = 4; lastKnownFileType = sourcecode.cpp.cpp; name = MessagePassthrough.cpp; path = ../src/MessagePassthrough.cpp; sourceTree = SOURCE_ROOT; };
		90398C8D1113564400E5A8B6 /* MessagePassthrough.h */ = {isa = PBXFileReference; fileEncoding = 4; lastKnownFileType = sourcecode.c.h; name = MessagePassthrough.h; path = ../src/MessagePassthrough.h; sourceTree = SOURCE_ROOT; };
		90398C8E1113564400E5A8B6 /* MessagePipe.cpp */ = {isa = PBXFileReference; fileEncoding = 4; lastKnownFileType = sourcecode.cpp.cpp; name = MessagePipe.cpp; path = ../src/MessagePipe.cpp; sourceTree = SOURCE_ROOT; };
		90398C8F1113564400E5A8B6 /* MessagePipe.h */ = {isa = PBXFileReference; fileEncoding = 4; lastKnownFileType = sourcecode.c.h; name = MessagePipe.h; path = ../src/MessagePipe.h; sourceTree = SOURCE_ROOT; };
		90398C901113564400E5A8B6 /* MessagePrint.cpp */ = {isa = PBXFileReference; fileEncoding = 4; lastKnownFileType = sourcecode.cpp.cpp; name = MessagePrint.cpp; path = ../src/MessagePrint.cpp; sourceTree = SOURCE_ROOT; };
		90398C911113564400E5A8B6 /* MessagePrint.h */ = {isa = PBXFileReference; fileEncoding = 4; lastKnownFileType = sourcecode.c.h; name = MessagePrint.h; path = ../src/MessagePrint.h; sourceTree = SOURCE_ROOT; };
		90398C921113564400E5A8B6 /* MessageQueue.cpp */ = {isa = PBXFileReference; fileEncoding = 4; lastKnownFileType = sourcecode.cpp.cpp; name = MessageQueue.cpp; path = ../src/MessageQueue.cpp; sourceTree = SOURCE_ROOT; };
		90398C931113564400E5A8B6 /* MessageQueue.h */ = {isa = PBXFileReference; fileEncoding = 4; lastKnownFileType = sourcecode.c.h; name = MessageQueue.h; path = ../src/MessageQueue.h; sourceTree = SOURCE_ROOT; };
		90398C941113564400E5A8B6 /* MessageReceive.cpp */ = {isa = PBXFileReference; fileEncoding = 4; lastKnownFileType = sourcecode.cpp.cpp; name = MessageReceive.cpp; path = ../src/MessageReceive.cpp; sourceTree = SOURCE_ROOT; };
		90398C951113564400E5A8B6 /* MessageReceive.h */ = {isa = PBXFileReference; fileEncoding = 4; lastKnownFileType = sourcecode.c.h; name = MessageReceive.h; path = ../src/MessageReceive.h; sourceTree = SOURCE_ROOT; };
		90398C961113564400E5A8B6 /* MessageSend.cpp */ = {isa = PBXFileReference; fileEncoding = 4; lastKnownFileType = sourcecode.cpp.cpp; name = MessageSend.cpp; path = ../src/MessageSend.cpp; sourceTree = SOURCE_ROOT; };
		90398C971113564400E5A8B6 /* MessageSend.h */ = {isa = PBXFileReference; fileEncoding = 4; lastKnownFileType = sourcecode.c.h; name = MessageSend.h; path = ../src/MessageSend.h; sourceTree = SOURCE_ROOT; };
		90398C981113564400E5A8B6 /* ObjectLetPair.h */ = {isa = PBXFileReference; fileEncoding = 4; lastKnownFileType = sourcecode.c.h; name = ObjectLetPair.h; path = ../src/ObjectLetPair.h; sourceTree = SOURCE_ROOT; };
		90398C991113564400E5A8B6 /* OrderedMessageQueue.cpp */ = {isa = PBXFileReference; fileEncoding = 4; lastKnownFileType = sourcecode.cpp.cpp; name = OrderedMessageQueue.cpp; path = ../src/OrderedMessageQueue.cpp; sourceTree = SOURCE_ROOT; };
		90398C9A1113564400E5A8B6 /* OrderedMessageQueue.h */ = {isa = PBXFileReference; fileEncoding = 4; lastKnownFileType = sourcecode.c.h; name = OrderedMessageQueue.h; path = ../src/OrderedMessageQueue.h; sourceTree = SOURCE_ROOT; };
		90398C9B1113564400E5A8B6 /* PdGraph.cpp */ = {isa = PBXFileReference; fileEncoding = 4; lastKnownFileType = sourcecode.cpp.cpp; name = PdGraph.cpp; path = ../src/PdGraph.cpp; sourceTree = SOURCE_ROOT; };
		90398C9C1113564400E5A8B6 /* PdGraph.h */ = {isa = PBXFileReference; fileEncoding = 4; lastKnownFileType = sourcecode.c.h; name = PdGraph.h; path = ../src/PdGraph.h; sourceTree = SOURCE_ROOT; };
		90398C9D1113564400E5A8B6 /* PdMessage.cpp */ = {isa = PBXFileReference; fileEncoding = 4; lastKnownFileType = sourcecode.cpp.cpp; name = PdMessage.cpp; path = ../src/PdMessage.cpp; sourceTree = SOURCE_ROOT; };
		90398C9E1113564400E5A8B6 /* PdMessage.h */ = {isa = PBXFileReference; fileEncoding = 4; lastKnownFileType = sourcecode.c.h; name = PdMessage.h; path = ../src/PdMessage.h; sourceTree = SOURCE_ROOT; };
		90398CA01113564400E5A8B6 /* PdNodeType.h */ = {isa = PBXFileReference; fileEncoding = 4; lastKnownFileType = sourcecode.c.h; name = PdNodeType.h; path = ../src/PdNodeType.h; sourceTree = SOURCE_ROOT; };
		90398CA11113564400E5A8B6 /* StaticUtils.cpp */ = {isa = PBXFileReference; fileEncoding = 4; lastKnownFileType = sourcecode.cpp.cpp; name = StaticUtils.cpp; path = ../src/StaticUtils.cpp; sourceTree = SOURCE_ROOT; };
		90398CA21113564400E5A8B6 /* StaticUtils.h */ = {isa = PBXFileReference; fileEncoding = 4; lastKnownFileType = sourcecode.c.h; name = StaticUtils.h; path = ../src/StaticUtils.h; sourceTree = SOURCE_ROOT; };
		908A37321125DF6D00558388 /* MessageEqualsEquals.cpp */ = {isa = PBXFileReference; fileEncoding = 4; lastKnownFileType = sourcecode.cpp.cpp; name = MessageEqualsEquals.cpp; path = ../src/MessageEqualsEquals.cpp; sourceTree = SOURCE_ROOT; };
		908A37331125DF6D00558388 /* MessageEqualsEquals.h */ = {isa = PBXFileReference; fileEncoding = 4; lastKnownFileType = sourcecode.c.h; name = MessageEqualsEquals.h; path = ../src/MessageEqualsEquals.h; sourceTree = SOURCE_ROOT; };
		908A37341125DF6D00558388 /* MessageGreaterThan.cpp */ = {isa = PBXFileReference; fileEncoding = 4; lastKnownFileType = sourcecode.cpp.cpp; name = MessageGreaterThan.cpp; path = ../src/MessageGreaterThan.cpp; sourceTree = SOURCE_ROOT; };
		908A37351125DF6D00558388 /* MessageGreaterThan.h */ = {isa = PBXFileReference; fileEncoding = 4; lastKnownFileType = sourcecode.c.h; name = MessageGreaterThan.h; path = ../src/MessageGreaterThan.h; sourceTree = SOURCE_ROOT; };
		908A37361125DF6D00558388 /* MessageGreaterThanOrEqualTo.cpp */ = {isa = PBXFileReference; fileEncoding = 4; lastKnownFileType = sourcecode.cpp.cpp; name = MessageGreaterThanOrEqualTo.cpp; path = ../src/MessageGreaterThanOrEqualTo.cpp; sourceTree = SOURCE_ROOT; };
		908A37371125DF6D00558388 /* MessageGreaterThanOrEqualTo.h */ = {isa = PBXFileReference; fileEncoding = 4; lastKnownFileType = sourcecode.c.h; name = MessageGreaterThanOrEqualTo.h; path = ../src/MessageGreaterThanOrEqualTo.h; sourceTree = SOURCE_ROOT; };
		908A37381125DF6D00558388 /* MessageLessThan.cpp */ = {isa = PBXFileReference; fileEncoding = 4; lastKnownFileType = sourcecode.cpp.cpp; name = MessageLessThan.cpp; path = ../src/MessageLessThan.cpp; sourceTree = SOURCE_ROOT; };
		908A37391125DF6D00558388 /* MessageLessThan.h */ = {isa = PBXFileReference; fileEncoding = 4; lastKnownFileType = sourcecode.c.h; name = MessageLessThan.h; path = ../src/MessageLessThan.h; sourceTree = SOURCE_ROOT; };
		908A373A1125DF6D00558388 /* MessageLessThanOrEqualTo.cpp */ = {isa = PBXFileReference; fileEncoding = 4; lastKnownFileType = sourcecode.cpp.cpp; name = MessageLessThanOrEqualTo.cpp; path = ../src/MessageLessThanOrEqualTo.cpp; sourceTree = SOURCE_ROOT; };
		908A373B1125DF6D00558388 /* MessageLessThanOrEqualTo.h */ = {isa = PBXFileReference; fileEncoding = 4; lastKnownFileType = sourcecode.c.h; name = MessageLessThanOrEqualTo.h; path = ../src/MessageLessThanOrEqualTo.h; sourceTree = SOURCE_ROOT; };
		908A373C1125DF6D00558388 /* MessageNotEquals.cpp */ = {isa = PBXFileReference; fileEncoding = 4; lastKnownFileType = sourcecode.cpp.cpp; name = MessageNotEquals.cpp; path = ../src/MessageNotEquals.cpp; sourceTree = SOURCE_ROOT; };
		908A373D1125DF6D00558388 /* MessageNotEquals.h */ = {isa = PBXFileReference; fileEncoding = 4; lastKnownFileType = sourcecode.c.h; name = MessageNotEquals.h; path = ../src/MessageNotEquals.h; sourceTree = SOURCE_ROOT; };
		908A37491125DFF800558388 /* MessageMultiply.cpp */ = {isa = PBXFileReference; fileEncoding = 4; lastKnownFileType = sourcecode.cpp.cpp; name = MessageMultiply.cpp; path = ../src/MessageMultiply.cpp; sourceTree = SOURCE_ROOT; };
		908A374A1125DFF800558388 /* MessageMultiply.h */ = {isa = PBXFileReference; fileEncoding = 4; lastKnownFileType = sourcecode.c.h; name = MessageMultiply.h; path = ../src/MessageMultiply.h; sourceTree = SOURCE_ROOT; };
		908A374B1125DFF800558388 /* MessageSine.cpp */ = {isa = PBXFileReference; fileEncoding = 4; lastKnownFileType = sourcecode.cpp.cpp; name = MessageSine.cpp; path = ../src/MessageSine.cpp; sourceTree = SOURCE_ROOT; };
		908A374C1125DFF800558388 /* MessageSine.h */ = {isa = PBXFileReference; fileEncoding = 4; lastKnownFileType = sourcecode.c.h; name = MessageSine.h; path = ../src/MessageSine.h; sourceTree = SOURCE_ROOT; };
		908A37541125E07100558388 /* MessageDivide.cpp */ = {isa = PBXFileReference; fileEncoding = 4; lastKnownFileType = sourcecode.cpp.cpp; name = MessageDivide.cpp; path = ../src/MessageDivide.cpp; sourceTree = SOURCE_ROOT; };
		908A37551125E07100558388 /* MessageDivide.h */ = {isa = PBXFileReference; fileEncoding = 4; lastKnownFileType = sourcecode.c.h; name = MessageDivide.h; path = ../src/MessageDivide.h; sourceTree = SOURCE_ROOT; };
		908A37561125E07100558388 /* MessageSubtract.cpp */ = {isa = PBXFileReference; fileEncoding = 4; lastKnownFileType = sourcecode.cpp.cpp; name = MessageSubtract.cpp; path = ../src/MessageSubtract.cpp; sourceTree = SOURCE_ROOT; };
		908A37571125E07100558388 /* MessageSubtract.h */ = {isa = PBXFileReference; fileEncoding = 4; lastKnownFileType = sourcecode.c.h; name = MessageSubtract.h; path = ../src/MessageSubtract.h; sourceTree = SOURCE_ROOT; };
		90AA54D511295EF900E8796B /* DspMessagePresedence.h */ = {isa = PBXFileReference; fileEncoding = 4; lastKnownFileType = sourcecode.c.h; name = DspMessagePresedence.h; path = ../src/DspMessagePresedence.h; sourceTree = SOURCE_ROOT; };
		90AD965D112C020700F45418 /* MersenneTwister.h */ = {isa = PBXFileReference; fileEncoding = 4; lastKnownFileType = sourcecode.c.h; name = MersenneTwister.h; path = ../src/MersenneTwister.h; sourceTree = SOURCE_ROOT; };
		90AD9671112C043600F45418 /* DspNoise.cpp */ = {isa = PBXFileReference; fileEncoding = 4; lastKnownFileType = sourcecode.cpp.cpp; name = DspNoise.cpp; path = ../src/DspNoise.cpp; sourceTree = SOURCE_ROOT; };
		90AD9672112C043600F45418 /* DspNoise.h */ = {isa = PBXFileReference; fileEncoding = 4; lastKnownFileType = sourcecode.c.h; name = DspNoise.h; path = ../src/DspNoise.h; sourceTree = SOURCE_ROOT; };
		90AD96CF112C394700F45418 /* MessageRandom.cpp */ = {isa = PBXFileReference; fileEncoding = 4; lastKnownFileType = sourcecode.cpp.cpp; name = MessageRandom.cpp; path = ../src/MessageRandom.cpp; sourceTree = SOURCE_ROOT; };
		90AD96D0112C394700F45418 /* MessageRandom.h */ = {isa = PBXFileReference; fileEncoding = 4; lastKnownFileType = sourcecode.c.h; name = MessageRandom.h; path = ../src/MessageRandom.h; sourceTree = SOURCE_ROOT; };
		C6859E8B029090EE04C91782 /* pdm10.1 */ = {isa = PBXFileReference; lastKnownFileType = text.man; path = pdm10.1; sourceTree = "<group>"; };
/* End PBXFileReference section */

/* Begin PBXFrameworksBuildPhase section */
		8DD76F660486A84900D96B5E /* Frameworks */ = {
			isa = PBXFrameworksBuildPhase;
			buildActionMask = 2147483647;
			files = (
			);
			runOnlyForDeploymentPostprocessing = 0;
		};
/* End PBXFrameworksBuildPhase section */

/* Begin PBXGroup section */
		08FB7794FE84155DC02AAC07 /* pdm10 */ = {
			isa = PBXGroup;
			children = (
				08FB7795FE84155DC02AAC07 /* Source */,
				C6859E8C029090F304C91782 /* Documentation */,
				1AB674ADFE9D54B511CA2CBB /* Products */,
			);
			name = pdm10;
			sourceTree = "<group>";
		};
		08FB7795FE84155DC02AAC07 /* Source */ = {
			isa = PBXGroup;
			children = (
				90398C691113564400E5A8B6 /* ConnectionType.h */,
				90398C6A1113564400E5A8B6 /* DspAdc.cpp */,
				90398C6B1113564400E5A8B6 /* DspAdc.h */,
				90398C6C1113564400E5A8B6 /* DspAdd.cpp */,
				90398C6D1113564400E5A8B6 /* DspAdd.h */,
				90398C6E1113564400E5A8B6 /* DspDac.cpp */,
				90398C6F1113564400E5A8B6 /* DspDac.h */,
				90AA54D511295EF900E8796B /* DspMessagePresedence.h */,
				90AD9671112C043600F45418 /* DspNoise.cpp */,
				90AD9672112C043600F45418 /* DspNoise.h */,
				90398C701113564400E5A8B6 /* DspObject.cpp */,
				90398C711113564400E5A8B6 /* DspObject.h */,
				90275B40112880D900FFAEC7 /* DspOsc.cpp */,
				90275B41112880D900FFAEC7 /* DspOsc.h */,
				90398C721113564400E5A8B6 /* LinkedList.cpp */,
				90398C731113564400E5A8B6 /* LinkedList.h */,
				90398C741113564400E5A8B6 /* List.cpp */,
				90398C751113564400E5A8B6 /* List.h */,
				90398C761113564400E5A8B6 /* main.cpp */,
				90AD965D112C020700F45418 /* MersenneTwister.h */,
				90398C771113564400E5A8B6 /* MessageAdd.cpp */,
				90398C781113564400E5A8B6 /* MessageAdd.h */,
				90398C791113564400E5A8B6 /* MessageDelay.cpp */,
				90398C7A1113564400E5A8B6 /* MessageDelay.h */,
				90398C7B1113564400E5A8B6 /* MessageDestination.h */,
				90398C7C1113564400E5A8B6 /* MessageElement.cpp */,
				908A37541125E07100558388 /* MessageDivide.cpp */,
				908A37551125E07100558388 /* MessageDivide.h */,
				90398C7D1113564400E5A8B6 /* MessageElement.h */,
				90398C7E1113564400E5A8B6 /* MessageElementType.h */,
				908A37321125DF6D00558388 /* MessageEqualsEquals.cpp */,
				908A37331125DF6D00558388 /* MessageEqualsEquals.h */,
				90398C7F1113564400E5A8B6 /* MessageFloat.cpp */,
				90398C801113564400E5A8B6 /* MessageFloat.h */,
				908A37341125DF6D00558388 /* MessageGreaterThan.cpp */,
				908A37351125DF6D00558388 /* MessageGreaterThan.h */,
				908A37361125DF6D00558388 /* MessageGreaterThanOrEqualTo.cpp */,
				908A37371125DF6D00558388 /* MessageGreaterThanOrEqualTo.h */,
				90398C811113564400E5A8B6 /* MessageInlet.cpp */,
				90398C821113564400E5A8B6 /* MessageInlet.h */,
				908A37381125DF6D00558388 /* MessageLessThan.cpp */,
				908A37391125DF6D00558388 /* MessageLessThan.h */,
				908A373A1125DF6D00558388 /* MessageLessThanOrEqualTo.cpp */,
				908A373B1125DF6D00558388 /* MessageLessThanOrEqualTo.h */,
				90398C831113564400E5A8B6 /* MessageLetPair.h */,
				90398C841113564400E5A8B6 /* MessageLoadbang.cpp */,
				90398C851113564400E5A8B6 /* MessageLoadbang.h */,
				908A37491125DFF800558388 /* MessageMultiply.cpp */,
				908A374A1125DFF800558388 /* MessageMultiply.h */,
				90398C861113564400E5A8B6 /* MessageNamedObject.cpp */,
				90398C871113564400E5A8B6 /* MessageNamedObject.h */,
				908A373C1125DF6D00558388 /* MessageNotEquals.cpp */,
				908A373D1125DF6D00558388 /* MessageNotEquals.h */,
				90398C881113564400E5A8B6 /* MessageObject.cpp */,
				90398C891113564400E5A8B6 /* MessageObject.h */,
				90398C8A1113564400E5A8B6 /* MessageOutlet.cpp */,
				90398C8B1113564400E5A8B6 /* MessageOutlet.h */,
				90398C8C1113564400E5A8B6 /* MessagePassthrough.cpp */,
				90398C8D1113564400E5A8B6 /* MessagePassthrough.h */,
				90398C8E1113564400E5A8B6 /* MessagePipe.cpp */,
				90398C8F1113564400E5A8B6 /* MessagePipe.h */,
				90398C901113564400E5A8B6 /* MessagePrint.cpp */,
				90398C911113564400E5A8B6 /* MessagePrint.h */,
				90398C921113564400E5A8B6 /* MessageQueue.cpp */,
				90398C931113564400E5A8B6 /* MessageQueue.h */,
				90AD96CF112C394700F45418 /* MessageRandom.cpp */,
				90AD96D0112C394700F45418 /* MessageRandom.h */,
				90398C941113564400E5A8B6 /* MessageReceive.cpp */,
				90398C951113564400E5A8B6 /* MessageReceive.h */,
				90398C961113564400E5A8B6 /* MessageSend.cpp */,
				90398C971113564400E5A8B6 /* MessageSend.h */,
				908A374B1125DFF800558388 /* MessageSine.cpp */,
				908A374C1125DFF800558388 /* MessageSine.h */,
				908A37561125E07100558388 /* MessageSubtract.cpp */,
				908A37571125E07100558388 /* MessageSubtract.h */,
				90398C981113564400E5A8B6 /* ObjectLetPair.h */,
				90398C991113564400E5A8B6 /* OrderedMessageQueue.cpp */,
				90398C9A1113564400E5A8B6 /* OrderedMessageQueue.h */,
				90398C9B1113564400E5A8B6 /* PdGraph.cpp */,
				90398C9C1113564400E5A8B6 /* PdGraph.h */,
				90398C9D1113564400E5A8B6 /* PdMessage.cpp */,
				90398C9E1113564400E5A8B6 /* PdMessage.h */,
				90398CA01113564400E5A8B6 /* PdNodeType.h */,
				90398CA11113564400E5A8B6 /* StaticUtils.cpp */,
				90398CA21113564400E5A8B6 /* StaticUtils.h */,
			);
			name = Source;
			sourceTree = "<group>";
		};
		1AB674ADFE9D54B511CA2CBB /* Products */ = {
			isa = PBXGroup;
			children = (
				8DD76F6C0486A84900D96B5E /* pdm10 */,
			);
			name = Products;
			sourceTree = "<group>";
		};
		C6859E8C029090F304C91782 /* Documentation */ = {
			isa = PBXGroup;
			children = (
				C6859E8B029090EE04C91782 /* pdm10.1 */,
			);
			name = Documentation;
			sourceTree = "<group>";
		};
/* End PBXGroup section */

/* Begin PBXNativeTarget section */
		8DD76F620486A84900D96B5E /* pdm10 */ = {
			isa = PBXNativeTarget;
			buildConfigurationList = 1DEB923108733DC60010E9CD /* Build configuration list for PBXNativeTarget "pdm10" */;
			buildPhases = (
				8DD76F640486A84900D96B5E /* Sources */,
				8DD76F660486A84900D96B5E /* Frameworks */,
				8DD76F690486A84900D96B5E /* CopyFiles */,
			);
			buildRules = (
			);
			dependencies = (
			);
			name = pdm10;
			productInstallPath = "$(HOME)/bin";
			productName = pdm10;
			productReference = 8DD76F6C0486A84900D96B5E /* pdm10 */;
			productType = "com.apple.product-type.tool";
		};
/* End PBXNativeTarget section */

/* Begin PBXProject section */
		08FB7793FE84155DC02AAC07 /* Project object */ = {
			isa = PBXProject;
			buildConfigurationList = 1DEB923508733DC60010E9CD /* Build configuration list for PBXProject "Xcode" */;
			compatibilityVersion = "Xcode 3.1";
			hasScannedForEncodings = 1;
			mainGroup = 08FB7794FE84155DC02AAC07 /* pdm10 */;
			projectDirPath = "";
			projectRoot = "";
			targets = (
				8DD76F620486A84900D96B5E /* pdm10 */,
			);
		};
/* End PBXProject section */

/* Begin PBXSourcesBuildPhase section */
		8DD76F640486A84900D96B5E /* Sources */ = {
			isa = PBXSourcesBuildPhase;
			buildActionMask = 2147483647;
			files = (
				90398CA31113564400E5A8B6 /* DspAdc.cpp in Sources */,
				90398CA41113564400E5A8B6 /* DspAdd.cpp in Sources */,
				90398CA51113564400E5A8B6 /* DspDac.cpp in Sources */,
				90398CA61113564400E5A8B6 /* DspObject.cpp in Sources */,
				90398CA71113564400E5A8B6 /* LinkedList.cpp in Sources */,
				90398CA81113564400E5A8B6 /* List.cpp in Sources */,
				90398CA91113564400E5A8B6 /* main.cpp in Sources */,
				90398CAA1113564400E5A8B6 /* MessageAdd.cpp in Sources */,
				90398CAB1113564400E5A8B6 /* MessageDelay.cpp in Sources */,
				90398CAC1113564400E5A8B6 /* MessageElement.cpp in Sources */,
				90398CAD1113564400E5A8B6 /* MessageFloat.cpp in Sources */,
				90398CAE1113564400E5A8B6 /* MessageInlet.cpp in Sources */,
				90398CAF1113564400E5A8B6 /* MessageLoadbang.cpp in Sources */,
				90398CB01113564400E5A8B6 /* MessageNamedObject.cpp in Sources */,
				90398CB11113564400E5A8B6 /* MessageObject.cpp in Sources */,
				90398CB21113564400E5A8B6 /* MessageOutlet.cpp in Sources */,
				90398CB31113564400E5A8B6 /* MessagePassthrough.cpp in Sources */,
				90398CB41113564400E5A8B6 /* MessagePipe.cpp in Sources */,
				90398CB51113564400E5A8B6 /* MessagePrint.cpp in Sources */,
				90398CB61113564400E5A8B6 /* MessageQueue.cpp in Sources */,
				90398CB71113564400E5A8B6 /* MessageReceive.cpp in Sources */,
				90398CB81113564400E5A8B6 /* MessageSend.cpp in Sources */,
				90398CB91113564400E5A8B6 /* OrderedMessageQueue.cpp in Sources */,
				90398CBA1113564400E5A8B6 /* PdGraph.cpp in Sources */,
				90398CBB1113564400E5A8B6 /* PdMessage.cpp in Sources */,
				90398CBC1113564400E5A8B6 /* StaticUtils.cpp in Sources */,
				908A373E1125DF6D00558388 /* MessageEqualsEquals.cpp in Sources */,
				908A373F1125DF6D00558388 /* MessageGreaterThan.cpp in Sources */,
				908A37401125DF6D00558388 /* MessageGreaterThanOrEqualTo.cpp in Sources */,
				908A37411125DF6D00558388 /* MessageLessThan.cpp in Sources */,
				908A37421125DF6D00558388 /* MessageLessThanOrEqualTo.cpp in Sources */,
				908A37431125DF6D00558388 /* MessageNotEquals.cpp in Sources */,
				908A374D1125DFF800558388 /* MessageMultiply.cpp in Sources */,
				908A374E1125DFF800558388 /* MessageSine.cpp in Sources */,
				908A37581125E07100558388 /* MessageDivide.cpp in Sources */,
				908A37591125E07100558388 /* MessageSubtract.cpp in Sources */,
				90275B42112880D900FFAEC7 /* DspOsc.cpp in Sources */,
				90AD9673112C043600F45418 /* DspNoise.cpp in Sources */,
				90AD96D1112C394700F45418 /* MessageRandom.cpp in Sources */,
			);
			runOnlyForDeploymentPostprocessing = 0;
		};
/* End PBXSourcesBuildPhase section */

/* Begin XCBuildConfiguration section */
		1DEB923208733DC60010E9CD /* Debug */ = {
			isa = XCBuildConfiguration;
			buildSettings = {
				ALWAYS_SEARCH_USER_PATHS = NO;
				COPY_PHASE_STRIP = NO;
				GCC_DYNAMIC_NO_PIC = NO;
				GCC_ENABLE_FIX_AND_CONTINUE = YES;
				GCC_GENERATE_DEBUGGING_SYMBOLS = YES;
				GCC_MODEL_TUNING = G5;
				GCC_OPTIMIZATION_LEVEL = 0;
				GCC_PREPROCESSOR_DEFINITIONS = (
					"_GLIBCXX_DEBUG=1",
					"_GLIBCXX_DEBUG_PEDANTIC=1",
				);
				GENERATE_PROFILING_CODE = NO;
				INSTALL_PATH = /usr/local/bin;
				PRODUCT_NAME = pdm10;
			};
			name = Debug;
		};
		1DEB923308733DC60010E9CD /* Release */ = {
			isa = XCBuildConfiguration;
			buildSettings = {
				ALWAYS_SEARCH_USER_PATHS = NO;
				DEBUG_INFORMATION_FORMAT = "dwarf-with-dsym";
				GCC_DYNAMIC_NO_PIC = NO;
				GCC_GENERATE_DEBUGGING_SYMBOLS = YES;
				GCC_MODEL_TUNING = G5;
				GENERATE_PROFILING_CODE = NO;
				INSTALL_PATH = /usr/local/bin;
				PRODUCT_NAME = pdm10;
			};
			name = Release;
		};
		1DEB923608733DC60010E9CD /* Debug */ = {
			isa = XCBuildConfiguration;
			buildSettings = {
				ARCHS = "$(ARCHS_STANDARD_32_64_BIT)";
				GCC_C_LANGUAGE_STANDARD = gnu99;
				GCC_OPTIMIZATION_LEVEL = 0;
				GCC_WARN_ABOUT_RETURN_TYPE = YES;
				GCC_WARN_UNUSED_VARIABLE = YES;
				ONLY_ACTIVE_ARCH = YES;
				PREBINDING = NO;
				SDKROOT = macosx10.6;
			};
			name = Debug;
		};
		1DEB923708733DC60010E9CD /* Release */ = {
			isa = XCBuildConfiguration;
			buildSettings = {
				ARCHS = "$(ARCHS_STANDARD_32_64_BIT)";
				GCC_C_LANGUAGE_STANDARD = gnu99;
				GCC_WARN_ABOUT_RETURN_TYPE = YES;
				GCC_WARN_UNUSED_VARIABLE = YES;
				PREBINDING = NO;
				SDKROOT = macosx10.6;
			};
			name = Release;
		};
/* End XCBuildConfiguration section */

/* Begin XCConfigurationList section */
		1DEB923108733DC60010E9CD /* Build configuration list for PBXNativeTarget "pdm10" */ = {
			isa = XCConfigurationList;
			buildConfigurations = (
				1DEB923208733DC60010E9CD /* Debug */,
				1DEB923308733DC60010E9CD /* Release */,
			);
			defaultConfigurationIsVisible = 0;
			defaultConfigurationName = Release;
		};
		1DEB923508733DC60010E9CD /* Build configuration list for PBXProject "Xcode" */ = {
			isa = XCConfigurationList;
			buildConfigurations = (
				1DEB923608733DC60010E9CD /* Debug */,
				1DEB923708733DC60010E9CD /* Release */,
			);
			defaultConfigurationIsVisible = 0;
			defaultConfigurationName = Release;
		};
/* End XCConfigurationList section */
	};
	rootObject = 08FB7793FE84155DC02AAC07 /* Project object */;
}
